
Microsoft Visual Studio Solution File, Format Version 12.00
# Visual Studio Version 16
VisualStudioVersion = 16.0.32428.217
MinimumVisualStudioVersion = 10.0.40219.1
Project("{FAE04EC0-301F-11D3-BF4B-00C04F79EFBC}") = "CryptoAPI.BLL", "CryptoAPI.BLL\CryptoAPI.BLL.csproj", "{962EFB3D-9F65-4E22-B6B7-D5ACB79FD75B}"
EndProject
Project("{FAE04EC0-301F-11D3-BF4B-00C04F79EFBC}") = "CryptoAPI.DAL", "CryptoAPI.DAL\CryptoAPI.DAL.csproj", "{6FB469C9-9815-4A5D-B6E9-70A38F3A8DCA}"
EndProject
Project("{FAE04EC0-301F-11D3-BF4B-00C04F79EFBC}") = "CryptoAPI.Models", "CryptoAPI.Models\CryptoAPI.Models.csproj", "{709B14AF-05EB-4D0A-9F51-CC64A7FDCD89}"
EndProject
Project("{FAE04EC0-301F-11D3-BF4B-00C04F79EFBC}") = "CryptoAPI", "CryptoAPI\CryptoAPI.csproj", "{F8F8A5F9-5851-437F-98B0-5374EBE151EC}"
	ProjectSection(ProjectDependencies) = postProject
		{709B14AF-05EB-4D0A-9F51-CC64A7FDCD89} = {709B14AF-05EB-4D0A-9F51-CC64A7FDCD89}
	EndProjectSection
EndProject
Project("{FAE04EC0-301F-11D3-BF4B-00C04F79EFBC}") = "Crypto.Web", "Crypto.Web\Crypto.Web.csproj", "{2F6064D6-DAE3-4775-AEB3-4D601E462DED}"
EndProject
Global
	GlobalSection(SolutionConfigurationPlatforms) = preSolution
		Debug|Any CPU = Debug|Any CPU
		Release|Any CPU = Release|Any CPU
	EndGlobalSection
	GlobalSection(ProjectConfigurationPlatforms) = postSolution
		{962EFB3D-9F65-4E22-B6B7-D5ACB79FD75B}.Debug|Any CPU.ActiveCfg = Debug|Any CPU
		{962EFB3D-9F65-4E22-B6B7-D5ACB79FD75B}.Debug|Any CPU.Build.0 = Debug|Any CPU
		{962EFB3D-9F65-4E22-B6B7-D5ACB79FD75B}.Release|Any CPU.ActiveCfg = Release|Any CPU
		{962EFB3D-9F65-4E22-B6B7-D5ACB79FD75B}.Release|Any CPU.Build.0 = Release|Any CPU
		{6FB469C9-9815-4A5D-B6E9-70A38F3A8DCA}.Debug|Any CPU.ActiveCfg = Debug|Any CPU
		{6FB469C9-9815-4A5D-B6E9-70A38F3A8DCA}.Debug|Any CPU.Build.0 = Debug|Any CPU
		{6FB469C9-9815-4A5D-B6E9-70A38F3A8DCA}.Release|Any CPU.ActiveCfg = Release|Any CPU
		{6FB469C9-9815-4A5D-B6E9-70A38F3A8DCA}.Release|Any CPU.Build.0 = Release|Any CPU
		{709B14AF-05EB-4D0A-9F51-CC64A7FDCD89}.Debug|Any CPU.ActiveCfg = Debug|Any CPU
		{709B14AF-05EB-4D0A-9F51-CC64A7FDCD89}.Debug|Any CPU.Build.0 = Debug|Any CPU
		{709B14AF-05EB-4D0A-9F51-CC64A7FDCD89}.Release|Any CPU.ActiveCfg = Release|Any CPU
		{709B14AF-05EB-4D0A-9F51-CC64A7FDCD89}.Release|Any CPU.Build.0 = Release|Any CPU
		{F8F8A5F9-5851-437F-98B0-5374EBE151EC}.Debug|Any CPU.ActiveCfg = Debug|Any CPU
		{F8F8A5F9-5851-437F-98B0-5374EBE151EC}.Debug|Any CPU.Build.0 = Debug|Any CPU
		{F8F8A5F9-5851-437F-98B0-5374EBE151EC}.Release|Any CPU.ActiveCfg = Release|Any CPU
		{F8F8A5F9-5851-437F-98B0-5374EBE151EC}.Release|Any CPU.Build.0 = Release|Any CPU
		{2F6064D6-DAE3-4775-AEB3-4D601E462DED}.Debug|Any CPU.ActiveCfg = Debug|Any CPU
		{2F6064D6-DAE3-4775-AEB3-4D601E462DED}.Debug|Any CPU.Build.0 = Debug|Any CPU
		{2F6064D6-DAE3-4775-AEB3-4D601E462DED}.Release|Any CPU.ActiveCfg = Release|Any CPU
		{2F6064D6-DAE3-4775-AEB3-4D601E462DED}.Release|Any CPU.Build.0 = Release|Any CPU
	EndGlobalSection
	GlobalSection(SolutionProperties) = preSolution
		HideSolutionNode = FALSE
	EndGlobalSection
	GlobalSection(ExtensibilityGlobals) = postSolution
		SolutionGuid = {F5AE4609-E5B1-4C8B-A685-3B1827F0697F}
	EndGlobalSection
EndGlobal
